
Microsoft Visual Studio Solution File, Format Version 12.00
# Visual Studio Version 17
VisualStudioVersion = 17.6.33723.286
MinimumVisualStudioVersion = 10.0.40219.1
Project("{9A19103F-16F7-4668-BE54-9A1E7A4F7556}") = "WebApp", "WebApp\WebApp.csproj", "{8EB08EC6-33D3-46E6-9F47-D8919E7C5201}"
EndProject
Project("{9A19103F-16F7-4668-BE54-9A1E7A4F7556}") = "Business", "Bussiness\Business.csproj", "{BF9FFCE3-96BB-4AB1-8C33-A4E6764FCC01}"
EndProject
Project("{9A19103F-16F7-4668-BE54-9A1E7A4F7556}") = "DataAccess", "DataAccess\DataAccess.csproj", "{06BF8118-F8EB-48AC-A53E-A203A236E2FE}"
EndProject
Project("{9A19103F-16F7-4668-BE54-9A1E7A4F7556}") = "Enums", "Enums\Enums.csproj", "{5B13B467-4340-4FF3-AD98-E21C76407524}"
EndProject
Project("{9A19103F-16F7-4668-BE54-9A1E7A4F7556}") = "DataTransferObject", "DataTransferObject\DataTransferObject.csproj", "{651EB056-65E9-44A3-9835-47852CD92551}"
EndProject
Project("{9A19103F-16F7-4668-BE54-9A1E7A4F7556}") = "Common", "Common\Common.csproj", "{74003F7A-7933-4AC8-998C-9C301DE1812F}"
EndProject
Global
	GlobalSection(SolutionConfigurationPlatforms) = preSolution
		Debug|Any CPU = Debug|Any CPU
		Release|Any CPU = Release|Any CPU
	EndGlobalSection
	GlobalSection(ProjectConfigurationPlatforms) = postSolution
		{8EB08EC6-33D3-46E6-9F47-D8919E7C5201}.Debug|Any CPU.ActiveCfg = Debug|Any CPU
		{8EB08EC6-33D3-46E6-9F47-D8919E7C5201}.Debug|Any CPU.Build.0 = Debug|Any CPU
		{8EB08EC6-33D3-46E6-9F47-D8919E7C5201}.Release|Any CPU.ActiveCfg = Release|Any CPU
		{8EB08EC6-33D3-46E6-9F47-D8919E7C5201}.Release|Any CPU.Build.0 = Release|Any CPU
		{BF9FFCE3-96BB-4AB1-8C33-A4E6764FCC01}.Debug|Any CPU.ActiveCfg = Debug|Any CPU
		{BF9FFCE3-96BB-4AB1-8C33-A4E6764FCC01}.Debug|Any CPU.Build.0 = Debug|Any CPU
		{BF9FFCE3-96BB-4AB1-8C33-A4E6764FCC01}.Release|Any CPU.ActiveCfg = Release|Any CPU
		{BF9FFCE3-96BB-4AB1-8C33-A4E6764FCC01}.Release|Any CPU.Build.0 = Release|Any CPU
		{06BF8118-F8EB-48AC-A53E-A203A236E2FE}.Debug|Any CPU.ActiveCfg = Debug|Any CPU
		{06BF8118-F8EB-48AC-A53E-A203A236E2FE}.Debug|Any CPU.Build.0 = Debug|Any CPU
		{06BF8118-F8EB-48AC-A53E-A203A236E2FE}.Release|Any CPU.ActiveCfg = Release|Any CPU
		{06BF8118-F8EB-48AC-A53E-A203A236E2FE}.Release|Any CPU.Build.0 = Release|Any CPU
		{5B13B467-4340-4FF3-AD98-E21C76407524}.Debug|Any CPU.ActiveCfg = Debug|Any CPU
		{5B13B467-4340-4FF3-AD98-E21C76407524}.Debug|Any CPU.Build.0 = Debug|Any CPU
		{5B13B467-4340-4FF3-AD98-E21C76407524}.Release|Any CPU.ActiveCfg = Release|Any CPU
		{5B13B467-4340-4FF3-AD98-E21C76407524}.Release|Any CPU.Build.0 = Release|Any CPU
		{651EB056-65E9-44A3-9835-47852CD92551}.Debug|Any CPU.ActiveCfg = Debug|Any CPU
		{651EB056-65E9-44A3-9835-47852CD92551}.Debug|Any CPU.Build.0 = Debug|Any CPU
		{651EB056-65E9-44A3-9835-47852CD92551}.Release|Any CPU.ActiveCfg = Release|Any CPU
		{651EB056-65E9-44A3-9835-47852CD92551}.Release|Any CPU.Build.0 = Release|Any CPU
		{74003F7A-7933-4AC8-998C-9C301DE1812F}.Debug|Any CPU.ActiveCfg = Debug|Any CPU
		{74003F7A-7933-4AC8-998C-9C301DE1812F}.Debug|Any CPU.Build.0 = Debug|Any CPU
		{74003F7A-7933-4AC8-998C-9C301DE1812F}.Release|Any CPU.ActiveCfg = Release|Any CPU
		{74003F7A-7933-4AC8-998C-9C301DE1812F}.Release|Any CPU.Build.0 = Release|Any CPU
	EndGlobalSection
	GlobalSection(SolutionProperties) = preSolution
		HideSolutionNode = FALSE
	EndGlobalSection
	GlobalSection(ExtensibilityGlobals) = postSolution
		SolutionGuid = {3683745B-0EE7-4276-98C3-F88F16018A39}
	EndGlobalSection
EndGlobal
