
Microsoft Visual Studio Solution File, Format Version 12.00
# Visual Studio Version 17
VisualStudioVersion = 17.2.32526.322
MinimumVisualStudioVersion = 10.0.40219.1
Project("{FAE04EC0-301F-11D3-BF4B-00C04F79EFBC}") = "M_to_Km", "M_to_Km.csproj", "{19A333DE-00A0-4657-A6E9-4463A9BFDF70}"
EndProject
Global
	GlobalSection(SolutionConfigurationPlatforms) = preSolution
		Debug|Any CPU = Debug|Any CPU
		Release|Any CPU = Release|Any CPU
	EndGlobalSection
	GlobalSection(ProjectConfigurationPlatforms) = postSolution
		{19A333DE-00A0-4657-A6E9-4463A9BFDF70}.Debug|Any CPU.ActiveCfg = Debug|Any CPU
		{19A333DE-00A0-4657-A6E9-4463A9BFDF70}.Debug|Any CPU.Build.0 = Debug|Any CPU
		{19A333DE-00A0-4657-A6E9-4463A9BFDF70}.Release|Any CPU.ActiveCfg = Release|Any CPU
		{19A333DE-00A0-4657-A6E9-4463A9BFDF70}.Release|Any CPU.Build.0 = Release|Any CPU
	EndGlobalSection
	GlobalSection(SolutionProperties) = preSolution
		HideSolutionNode = FALSE
	EndGlobalSection
	GlobalSection(ExtensibilityGlobals) = postSolution
		SolutionGuid = {3EC6BC2D-3857-4AA9-8ACE-432DD12CC9BC}
	EndGlobalSection
EndGlobal
