
Microsoft Visual Studio Solution File, Format Version 12.00
# Visual Studio Version 17
VisualStudioVersion = 17.5.33627.172
MinimumVisualStudioVersion = 10.0.40219.1
Project("{FAE04EC0-301F-11D3-BF4B-00C04F79EFBC}") = "AjaxNetCore", "AjaxNetCore\AjaxNetCore.csproj", "{818BE56C-41B0-4768-A146-C0A3B58B1381}"
EndProject
Global
	GlobalSection(SolutionConfigurationPlatforms) = preSolution
		Debug|Any CPU = Debug|Any CPU
		Release|Any CPU = Release|Any CPU
	EndGlobalSection
	GlobalSection(ProjectConfigurationPlatforms) = postSolution
		{818BE56C-41B0-4768-A146-C0A3B58B1381}.Debug|Any CPU.ActiveCfg = Debug|Any CPU
		{818BE56C-41B0-4768-A146-C0A3B58B1381}.Debug|Any CPU.Build.0 = Debug|Any CPU
		{818BE56C-41B0-4768-A146-C0A3B58B1381}.Release|Any CPU.ActiveCfg = Release|Any CPU
		{818BE56C-41B0-4768-A146-C0A3B58B1381}.Release|Any CPU.Build.0 = Release|Any CPU
	EndGlobalSection
	GlobalSection(SolutionProperties) = preSolution
		HideSolutionNode = FALSE
	EndGlobalSection
	GlobalSection(ExtensibilityGlobals) = postSolution
		SolutionGuid = {9B2198A3-447A-4901-A710-EF8AF08AC1E9}
	EndGlobalSection
EndGlobal
